// !$*UTF8*$!
{
	archiveVersion = 1;
	classes = {
	};
	objectVersion = 46;
	objects = {

/* Begin PBXBuildFile section */
		83F603671F193EA8000C0073 /* AppDelegate.swift in Sources */ = {isa = PBXBuildFile; fileRef = 83F603661F193EA8000C0073 /* AppDelegate.swift */; };
		83F603691F193EA8000C0073 /* ViewController.swift in Sources */ = {isa = PBXBuildFile; fileRef = 83F603681F193EA8000C0073 /* ViewController.swift */; };
		83F6036C1F193EA8000C0073 /* Main.storyboard in Resources */ = {isa = PBXBuildFile; fileRef = 83F6036A1F193EA8000C0073 /* Main.storyboard */; };
		83F6036E1F193EA8000C0073 /* Assets.xcassets in Resources */ = {isa = PBXBuildFile; fileRef = 83F6036D1F193EA8000C0073 /* Assets.xcassets */; };
		83F603711F193EA8000C0073 /* LaunchScreen.storyboard in Resources */ = {isa = PBXBuildFile; fileRef = 83F6036F1F193EA8000C0073 /* LaunchScreen.storyboard */; };
/* End PBXBuildFile section */

/* Begin PBXFileReference section */
		83F603631F193EA8000C0073 /* Xaya.app */ = {isa = PBXFileReference; explicitFileType = wrapper.application; includeInIndex = 0; path = Xaya.app; sourceTree = BUILT_PRODUCTS_DIR; };
		83F603661F193EA8000C0073 /* AppDelegate.swift */ = {isa = PBXFileReference; lastKnownFileType = sourcecode.swift; path = AppDelegate.swift; sourceTree = "<group>"; };
		83F603681F193EA8000C0073 /* ViewController.swift */ = {isa = PBXFileReference; lastKnownFileType = sourcecode.swift; path = ViewController.swift; sourceTree = "<group>"; };
		83F6036B1F193EA8000C0073 /* Base */ = {isa = PBXFileReference; lastKnownFileType = file.storyboard; name = Base; path = Base.lproj/Main.storyboard; sourceTree = "<group>"; };
		83F6036D1F193EA8000C0073 /* Assets.xcassets */ = {isa = PBXFileReference; lastKnownFileType = folder.assetcatalog; path = Assets.xcassets; sourceTree = "<group>"; };
		83F603701F193EA8000C0073 /* Base */ = {isa = PBXFileReference; lastKnownFileType = file.storyboard; name = Base; path = Base.lproj/LaunchScreen.storyboard; sourceTree = "<group>"; };
		83F603721F193EA8000C0073 /* Info.plist */ = {isa = PBXFileReference; lastKnownFileType = text.plist.xml; path = Info.plist; sourceTree = "<group>"; };
/* End PBXFileReference section */

/* Begin PBXFrameworksBuildPhase section */
		83F603601F193EA8000C0073 /* Frameworks */ = {
			isa = PBXFrameworksBuildPhase;
			buildActionMask = 2147483647;
			files = (
			);
			runOnlyForDeploymentPostprocessing = 0;
		};
/* End PBXFrameworksBuildPhase section */

/* Begin PBXGroup section */
		83F6035A1F193EA8000C0073 = {
			isa = PBXGroup;
			children = (
				83F603651F193EA8000C0073 /* Xaya */,
				83F603641F193EA8000C0073 /* Products */,
			);
			sourceTree = "<group>";
		};
		83F603641F193EA8000C0073 /* Products */ = {
			isa = PBXGroup;
			children = (
				83F603631F193EA8000C0073 /* Xaya.app */,
			);
			name = Products;
			sourceTree = "<group>";
		};
		83F603651F193EA8000C0073 /* Xaya */ = {
			isa = PBXGroup;
			children = (
				83F603661F193EA8000C0073 /* AppDelegate.swift */,
				83F603681F193EA8000C0073 /* ViewController.swift */,
				83F6036A1F193EA8000C0073 /* Main.storyboard */,
				83F6036D1F193EA8000C0073 /* Assets.xcassets */,
				83F6036F1F193EA8000C0073 /* LaunchScreen.storyboard */,
				83F603721F193EA8000C0073 /* Info.plist */,
			);
			path = Xaya;
			sourceTree = "<group>";
		};
/* End PBXGroup section */

/* Begin PBXNativeTarget section */
		83F603621F193EA8000C0073 /* Xaya */ = {
			isa = PBXNativeTarget;
			buildConfigurationList = 83F603751F193EA8000C0073 /* Build configuration list for PBXNativeTarget "Xaya" */;
			buildPhases = (
				83F6035F1F193EA8000C0073 /* Sources */,
				83F603601F193EA8000C0073 /* Frameworks */,
				83F603611F193EA8000C0073 /* Resources */,
			);
			buildRules = (
			);
			dependencies = (
			);
			name = Xaya;
			productName = Xaya;
			productReference = 83F603631F193EA8000C0073 /* Xaya.app */;
			productType = "com.apple.product-type.application";
		};
/* End PBXNativeTarget section */

/* Begin PBXProject section */
		83F6035B1F193EA8000C0073 /* Project object */ = {
			isa = PBXProject;
			attributes = {
				LastSwiftUpdateCheck = 0820;
				LastUpgradeCheck = 0820;
				ORGANIZATIONNAME = "Make School";
				TargetAttributes = {
					83F603621F193EA8000C0073 = {
						CreatedOnToolsVersion = 8.2.1;
						DevelopmentTeam = LP22J464X7;
						ProvisioningStyle = Automatic;
					};
				};
			};
			buildConfigurationList = 83F6035E1F193EA8000C0073 /* Build configuration list for PBXProject "Xaya" */;
			compatibilityVersion = "Xcode 3.2";
			developmentRegion = English;
			hasScannedForEncodings = 0;
			knownRegions = (
				en,
				Base,
			);
			mainGroup = 83F6035A1F193EA8000C0073;
			productRefGroup = 83F603641F193EA8000C0073 /* Products */;
			projectDirPath = "";
			projectRoot = "";
			targets = (
				83F603621F193EA8000C0073 /* Xaya */,
			);
		};
/* End PBXProject section */

/* Begin PBXResourcesBuildPhase section */
		83F603611F193EA8000C0073 /* Resources */ = {
			isa = PBXResourcesBuildPhase;
			buildActionMask = 2147483647;
			files = (
				83F603711F193EA8000C0073 /* LaunchScreen.storyboard in Resources */,
				83F6036E1F193EA8000C0073 /* Assets.xcassets in Resources */,
				83F6036C1F193EA8000C0073 /* Main.storyboard in Resources */,
			);
			runOnlyForDeploymentPostprocessing = 0;
		};
/* End PBXResourcesBuildPhase section */

/* Begin PBXSourcesBuildPhase section */
		83F6035F1F193EA8000C0073 /* Sources */ = {
			isa = PBXSourcesBuildPhase;
			buildActionMask = 2147483647;
			files = (
				83F603691F193EA8000C0073 /* ViewController.swift in Sources */,
				83F603671F193EA8000C0073 /* AppDelegate.swift in Sources */,
			);
			runOnlyForDeploymentPostprocessing = 0;
		};
/* End PBXSourcesBuildPhase section */

/* Begin PBXVariantGroup section */
		83F6036A1F193EA8000C0073 /* Main.storyboard */ = {
			isa = PBXVariantGroup;
			children = (
				83F6036B1F193EA8000C0073 /* Base */,
			);
			name = Main.storyboard;
			sourceTree = "<group>";
		};
		83F6036F1F193EA8000C0073 /* LaunchScreen.storyboard */ = {
			isa = PBXVariantGroup;
			children = (
				83F603701F193EA8000C0073 /* Base */,
			);
			name = LaunchScreen.storyboard;
			sourceTree = "<group>";
		};
/* End PBXVariantGroup section */

/* Begin XCBuildConfiguration section */
		83F603731F193EA8000C0073 /* Debug */ = {
			isa = XCBuildConfiguration;
			buildSettings = {
				ALWAYS_SEARCH_USER_PATHS = NO;
				CLANG_ANALYZER_NONNULL = YES;
				CLANG_CXX_LANGUAGE_STANDARD = "gnu++0x";
				CLANG_CXX_LIBRARY = "libc++";
				CLANG_ENABLE_MODULES = YES;
				CLANG_ENABLE_OBJC_ARC = YES;
				CLANG_WARN_BOOL_CONVERSION = YES;
				CLANG_WARN_CONSTANT_CONVERSION = YES;
				CLANG_WARN_DIRECT_OBJC_ISA_USAGE = YES_ERROR;
				CLANG_WARN_DOCUMENTATION_COMMENTS = YES;
				CLANG_WARN_EMPTY_BODY = YES;
				CLANG_WARN_ENUM_CONVERSION = YES;
				CLANG_WARN_INFINITE_RECURSION = YES;
				CLANG_WARN_INT_CONVERSION = YES;
				CLANG_WARN_OBJC_ROOT_CLASS = YES_ERROR;
				CLANG_WARN_SUSPICIOUS_MOVE = YES;
				CLANG_WARN_UNREACHABLE_CODE = YES;
				CLANG_WARN__DUPLICATE_METHOD_MATCH = YES;
				"CODE_SIGN_IDENTITY[sdk=iphoneos*]" = "iPhone Developer";
				COPY_PHASE_STRIP = NO;
				DEBUG_INFORMATION_FORMAT = dwarf;
				ENABLE_STRICT_OBJC_MSGSEND = YES;
				ENABLE_TESTABILITY = YES;
				GCC_C_LANGUAGE_STANDARD = gnu99;
				GCC_DYNAMIC_NO_PIC = NO;
				GCC_NO_COMMON_BLOCKS = YES;
				GCC_OPTIMIZATION_LEVEL = 0;
				GCC_PREPROCESSOR_DEFINITIONS = (
					"DEBUG=1",
					"$(inherited)",
				);
				GCC_WARN_64_TO_32_BIT_CONVERSION = YES;
				GCC_WARN_ABOUT_RETURN_TYPE = YES_ERROR;
				GCC_WARN_UNDECLARED_SELECTOR = YES;
				GCC_WARN_UNINITIALIZED_AUTOS = YES_AGGRESSIVE;
				GCC_WARN_UNUSED_FUNCTION = YES;
				GCC_WARN_UNUSED_VARIABLE = YES;
				IPHONEOS_DEPLOYMENT_TARGET = 10.2;
				MTL_ENABLE_DEBUG_INFO = YES;
				ONLY_ACTIVE_ARCH = YES;
				SDKROOT = iphoneos;
				SWIFT_ACTIVE_COMPILATION_CONDITIONS = DEBUG;
				SWIFT_OPTIMIZATION_LEVEL = "-Onone";
			};
			name = Debug;
		};
		83F603741F193EA8000C0073 /* Release */ = {
			isa = XCBuildConfiguration;
			buildSettings = {
				ALWAYS_SEARCH_USER_PATHS = NO;
				CLANG_ANALYZER_NONNULL = YES;
				CLANG_CXX_LANGUAGE_STANDARD = "gnu++0x";
				CLANG_CXX_LIBRARY = "libc++";
				CLANG_ENABLE_MODULES = YES;
				CLANG_ENABLE_OBJC_ARC = YES;
				CLANG_WARN_BOOL_CONVERSION = YES;
				CLANG_WARN_CONSTANT_CONVERSION = YES;
				CLANG_WARN_DIRECT_OBJC_ISA_USAGE = YES_ERROR;
				CLANG_WARN_DOCUMENTATION_COMMENTS = YES;
				CLANG_WARN_EMPTY_BODY = YES;
				CLANG_WARN_ENUM_CONVERSION = YES;
				CLANG_WARN_INFINITE_RECURSION = YES;
				CLANG_WARN_INT_CONVERSION = YES;
				CLANG_WARN_OBJC_ROOT_CLASS = YES_ERROR;
				CLANG_WARN_SUSPICIOUS_MOVE = YES;
				CLANG_WARN_UNREACHABLE_CODE = YES;
				CLANG_WARN__DUPLICATE_METHOD_MATCH = YES;
				"CODE_SIGN_IDENTITY[sdk=iphoneos*]" = "iPhone Developer";
				COPY_PHASE_STRIP = NO;
				DEBUG_INFORMATION_FORMAT = "dwarf-with-dsym";
				ENABLE_NS_ASSERTIONS = NO;
				ENABLE_STRICT_OBJC_MSGSEND = YES;
				GCC_C_LANGUAGE_STANDARD = gnu99;
				GCC_NO_COMMON_BLOCKS = YES;
				GCC_WARN_64_TO_32_BIT_CONVERSION = YES;
				GCC_WARN_ABOUT_RETURN_TYPE = YES_ERROR;
				GCC_WARN_UNDECLARED_SELECTOR = YES;
				GCC_WARN_UNINITIALIZED_AUTOS = YES_AGGRESSIVE;
				GCC_WARN_UNUSED_FUNCTION = YES;
				GCC_WARN_UNUSED_VARIABLE = YES;
				IPHONEOS_DEPLOYMENT_TARGET = 10.2;
				MTL_ENABLE_DEBUG_INFO = NO;
				SDKROOT = iphoneos;
				SWIFT_OPTIMIZATION_LEVEL = "-Owholemodule";
				VALIDATE_PRODUCT = YES;
			};
			name = Release;
		};
		83F603761F193EA8000C0073 /* Debug */ = {
			isa = XCBuildConfiguration;
			buildSettings = {
				ASSETCATALOG_COMPILER_APPICON_NAME = AppIcon;
				DEVELOPMENT_TEAM = LP22J464X7;
				INFOPLIST_FILE = Xaya/Info.plist;
				LD_RUNPATH_SEARCH_PATHS = "$(inherited) @executable_path/Frameworks";
				PRODUCT_BUNDLE_IDENTIFIER = "com.Chris-Chueh.Xaya";
				PRODUCT_NAME = "$(TARGET_NAME)";
				SWIFT_VERSION = 3.0;
			};
			name = Debug;
		};
		83F603771F193EA8000C0073 /* Release */ = {
			isa = XCBuildConfiguration;
			buildSettings = {
				ASSETCATALOG_COMPILER_APPICON_NAME = AppIcon;
				DEVELOPMENT_TEAM = LP22J464X7;
				INFOPLIST_FILE = Xaya/Info.plist;
				LD_RUNPATH_SEARCH_PATHS = "$(inherited) @executable_path/Frameworks";
				PRODUCT_BUNDLE_IDENTIFIER = "com.Chris-Chueh.Xaya";
				PRODUCT_NAME = "$(TARGET_NAME)";
				SWIFT_VERSION = 3.0;
			};
			name = Release;
		};
/* End XCBuildConfiguration section */

/* Begin XCConfigurationList section */
		83F6035E1F193EA8000C0073 /* Build configuration list for PBXProject "Xaya" */ = {
			isa = XCConfigurationList;
			buildConfigurations = (
				83F603731F193EA8000C0073 /* Debug */,
				83F603741F193EA8000C0073 /* Release */,
			);
			defaultConfigurationIsVisible = 0;
			defaultConfigurationName = Release;
		};
		83F603751F193EA8000C0073 /* Build configuration list for PBXNativeTarget "Xaya" */ = {
			isa = XCConfigurationList;
			buildConfigurations = (
				83F603761F193EA8000C0073 /* Debug */,
				83F603771F193EA8000C0073 /* Release */,
			);
			defaultConfigurationIsVisible = 0;
		};
/* End XCConfigurationList section */
	};
	rootObject = 83F6035B1F193EA8000C0073 /* Project object */;
}
